
Microsoft Visual Studio Solution File, Format Version 12.00
# Visual Studio Version 16
VisualStudioVersion = 16.0.30907.101
MinimumVisualStudioVersion = 10.0.40219.1
Project("{9A19103F-16F7-4668-BE54-9A1E7A4F7556}") = "EGO.SolidUI.Implement", "EGO.SolidUI.Implement\EGO.SolidUI.Implement.csproj", "{F7385552-AD17-4A08-8CA2-D170DC4DB36C}"
EndProject
Project("{FAE04EC0-301F-11D3-BF4B-00C04F79EFBC}") = "EGO.SolidUI", "EGO.SolidUI\EGO.SolidUI.csproj", "{B076D585-BA78-4246-911A-B8DF93EC82E4}"
EndProject
Global
	GlobalSection(SolutionConfigurationPlatforms) = preSolution
		Debug|Any CPU = Debug|Any CPU
		Release|Any CPU = Release|Any CPU
	EndGlobalSection
	GlobalSection(ProjectConfigurationPlatforms) = postSolution
		{F7385552-AD17-4A08-8CA2-D170DC4DB36C}.Debug|Any CPU.ActiveCfg = Debug|Any CPU
		{F7385552-AD17-4A08-8CA2-D170DC4DB36C}.Debug|Any CPU.Build.0 = Debug|Any CPU
		{F7385552-AD17-4A08-8CA2-D170DC4DB36C}.Release|Any CPU.ActiveCfg = Release|Any CPU
		{F7385552-AD17-4A08-8CA2-D170DC4DB36C}.Release|Any CPU.Build.0 = Release|Any CPU
		{B076D585-BA78-4246-911A-B8DF93EC82E4}.Debug|Any CPU.ActiveCfg = Debug|Any CPU
		{B076D585-BA78-4246-911A-B8DF93EC82E4}.Debug|Any CPU.Build.0 = Debug|Any CPU
		{B076D585-BA78-4246-911A-B8DF93EC82E4}.Release|Any CPU.ActiveCfg = Release|Any CPU
		{B076D585-BA78-4246-911A-B8DF93EC82E4}.Release|Any CPU.Build.0 = Release|Any CPU
	EndGlobalSection
	GlobalSection(SolutionProperties) = preSolution
		HideSolutionNode = FALSE
	EndGlobalSection
	GlobalSection(ExtensibilityGlobals) = postSolution
		SolutionGuid = {DCEE1227-0DA7-43F3-B7F3-A08DAD5AE411}
	EndGlobalSection
EndGlobal
